// !$*UTF8*$!
{
	archiveVersion = 1;
	classes = {
	};
	objectVersion = 50;
	objects = {

/* Begin PBXBuildFile section */
		CFF723D924C9AAB600F3F6ED /* AppDelegate.swift in Sources */ = {isa = PBXBuildFile; fileRef = CFF723D824C9AAB600F3F6ED /* AppDelegate.swift */; };
		CFF723E224C9AAB800F3F6ED /* Assets.xcassets in Resources */ = {isa = PBXBuildFile; fileRef = CFF723E124C9AAB800F3F6ED /* Assets.xcassets */; };
		CFF723E524C9AAB800F3F6ED /* LaunchScreen.storyboard in Resources */ = {isa = PBXBuildFile; fileRef = CFF723E324C9AAB800F3F6ED /* LaunchScreen.storyboard */; };
		CFF723F024C9AD3200F3F6ED /* CoreAssembly.swift in Sources */ = {isa = PBXBuildFile; fileRef = CFF723EF24C9AD3200F3F6ED /* CoreAssembly.swift */; };
		CFF723F524C9AD6F00F3F6ED /* ServicesAssembly.swift in Sources */ = {isa = PBXBuildFile; fileRef = CFF723F424C9AD6F00F3F6ED /* ServicesAssembly.swift */; };
		CFF723FA24C9ADC100F3F6ED /* PresentationAssembly.swift in Sources */ = {isa = PBXBuildFile; fileRef = CFF723F924C9ADC100F3F6ED /* PresentationAssembly.swift */; };
		CFF723FC24C9ADE600F3F6ED /* RootAssembly.swift in Sources */ = {isa = PBXBuildFile; fileRef = CFF723FB24C9ADE600F3F6ED /* RootAssembly.swift */; };
/* End PBXBuildFile section */

/* Begin PBXFileReference section */
		CFF723D524C9AAB600F3F6ED /* KoshelekTask.app */ = {isa = PBXFileReference; explicitFileType = wrapper.application; includeInIndex = 0; path = KoshelekTask.app; sourceTree = BUILT_PRODUCTS_DIR; };
		CFF723D824C9AAB600F3F6ED /* AppDelegate.swift */ = {isa = PBXFileReference; lastKnownFileType = sourcecode.swift; path = AppDelegate.swift; sourceTree = "<group>"; };
		CFF723E124C9AAB800F3F6ED /* Assets.xcassets */ = {isa = PBXFileReference; lastKnownFileType = folder.assetcatalog; path = Assets.xcassets; sourceTree = "<group>"; };
		CFF723E424C9AAB800F3F6ED /* Base */ = {isa = PBXFileReference; lastKnownFileType = file.storyboard; name = Base; path = Base.lproj/LaunchScreen.storyboard; sourceTree = "<group>"; };
		CFF723E624C9AAB800F3F6ED /* Info.plist */ = {isa = PBXFileReference; lastKnownFileType = text.plist.xml; path = Info.plist; sourceTree = "<group>"; };
		CFF723EF24C9AD3200F3F6ED /* CoreAssembly.swift */ = {isa = PBXFileReference; lastKnownFileType = sourcecode.swift; path = CoreAssembly.swift; sourceTree = "<group>"; };
		CFF723F424C9AD6F00F3F6ED /* ServicesAssembly.swift */ = {isa = PBXFileReference; lastKnownFileType = sourcecode.swift; path = ServicesAssembly.swift; sourceTree = "<group>"; };
		CFF723F924C9ADC100F3F6ED /* PresentationAssembly.swift */ = {isa = PBXFileReference; lastKnownFileType = sourcecode.swift; path = PresentationAssembly.swift; sourceTree = "<group>"; };
		CFF723FB24C9ADE600F3F6ED /* RootAssembly.swift */ = {isa = PBXFileReference; lastKnownFileType = sourcecode.swift; path = RootAssembly.swift; sourceTree = "<group>"; };
/* End PBXFileReference section */

/* Begin PBXFrameworksBuildPhase section */
		CFF723D224C9AAB600F3F6ED /* Frameworks */ = {
			isa = PBXFrameworksBuildPhase;
			buildActionMask = 2147483647;
			files = (
			);
			runOnlyForDeploymentPostprocessing = 0;
		};
/* End PBXFrameworksBuildPhase section */

/* Begin PBXGroup section */
		CFF723CC24C9AAB600F3F6ED = {
			isa = PBXGroup;
			children = (
				CFF723D724C9AAB600F3F6ED /* KoshelekTask */,
				CFF723D624C9AAB600F3F6ED /* Products */,
			);
			sourceTree = "<group>";
		};
		CFF723D624C9AAB600F3F6ED /* Products */ = {
			isa = PBXGroup;
			children = (
				CFF723D524C9AAB600F3F6ED /* KoshelekTask.app */,
			);
			name = Products;
			sourceTree = "<group>";
		};
		CFF723D724C9AAB600F3F6ED /* KoshelekTask */ = {
			isa = PBXGroup;
			children = (
				CFF723F624C9AD9100F3F6ED /* PresentationLayer */,
				CFF723F124C9AD4500F3F6ED /* ServiceLayer */,
				CFF723ED24C9AD1000F3F6ED /* CoreLayer */,
				CFF723D824C9AAB600F3F6ED /* AppDelegate.swift */,
				CFF723FB24C9ADE600F3F6ED /* RootAssembly.swift */,
				CFF723EC24C9AB5B00F3F6ED /* Resources */,
			);
			path = KoshelekTask;
			sourceTree = "<group>";
		};
		CFF723EC24C9AB5B00F3F6ED /* Resources */ = {
			isa = PBXGroup;
			children = (
				CFF723E124C9AAB800F3F6ED /* Assets.xcassets */,
				CFF723E324C9AAB800F3F6ED /* LaunchScreen.storyboard */,
				CFF723E624C9AAB800F3F6ED /* Info.plist */,
			);
			path = Resources;
			sourceTree = "<group>";
		};
		CFF723ED24C9AD1000F3F6ED /* CoreLayer */ = {
			isa = PBXGroup;
			children = (
				CFF723EE24C9AD2000F3F6ED /* Assembly */,
			);
			path = CoreLayer;
			sourceTree = "<group>";
		};
		CFF723EE24C9AD2000F3F6ED /* Assembly */ = {
			isa = PBXGroup;
			children = (
				CFF723EF24C9AD3200F3F6ED /* CoreAssembly.swift */,
			);
			path = Assembly;
			sourceTree = "<group>";
		};
		CFF723F124C9AD4500F3F6ED /* ServiceLayer */ = {
			isa = PBXGroup;
			children = (
				CFF723F324C9AD5700F3F6ED /* Assembly */,
				CFF723F224C9AD5000F3F6ED /* Services */,
			);
			path = ServiceLayer;
			sourceTree = "<group>";
		};
		CFF723F224C9AD5000F3F6ED /* Services */ = {
			isa = PBXGroup;
			children = (
			);
			path = Services;
			sourceTree = "<group>";
		};
		CFF723F324C9AD5700F3F6ED /* Assembly */ = {
			isa = PBXGroup;
			children = (
				CFF723F424C9AD6F00F3F6ED /* ServicesAssembly.swift */,
			);
			path = Assembly;
			sourceTree = "<group>";
		};
		CFF723F624C9AD9100F3F6ED /* PresentationLayer */ = {
			isa = PBXGroup;
			children = (
				CFF723F824C9ADA900F3F6ED /* Assembly */,
				CFF723F724C9ADA200F3F6ED /* Modules */,
			);
			path = PresentationLayer;
			sourceTree = "<group>";
		};
		CFF723F724C9ADA200F3F6ED /* Modules */ = {
			isa = PBXGroup;
			children = (
			);
			path = Modules;
			sourceTree = "<group>";
		};
		CFF723F824C9ADA900F3F6ED /* Assembly */ = {
			isa = PBXGroup;
			children = (
				CFF723F924C9ADC100F3F6ED /* PresentationAssembly.swift */,
			);
			path = Assembly;
			sourceTree = "<group>";
		};
/* End PBXGroup section */

/* Begin PBXNativeTarget section */
		CFF723D424C9AAB600F3F6ED /* KoshelekTask */ = {
			isa = PBXNativeTarget;
			buildConfigurationList = CFF723E924C9AAB800F3F6ED /* Build configuration list for PBXNativeTarget "KoshelekTask" */;
			buildPhases = (
				CFF723D124C9AAB600F3F6ED /* Sources */,
				CFF723D224C9AAB600F3F6ED /* Frameworks */,
				CFF723D324C9AAB600F3F6ED /* Resources */,
			);
			buildRules = (
			);
			dependencies = (
			);
			name = KoshelekTask;
			productName = KoshelekTask;
			productReference = CFF723D524C9AAB600F3F6ED /* KoshelekTask.app */;
			productType = "com.apple.product-type.application";
		};
/* End PBXNativeTarget section */

/* Begin PBXProject section */
		CFF723CD24C9AAB600F3F6ED /* Project object */ = {
			isa = PBXProject;
			attributes = {
				LastSwiftUpdateCheck = 1160;
				LastUpgradeCheck = 1160;
				ORGANIZATIONNAME = Oleginc;
				TargetAttributes = {
					CFF723D424C9AAB600F3F6ED = {
						CreatedOnToolsVersion = 11.6;
					};
				};
			};
			buildConfigurationList = CFF723D024C9AAB600F3F6ED /* Build configuration list for PBXProject "KoshelekTask" */;
			compatibilityVersion = "Xcode 9.3";
			developmentRegion = en;
			hasScannedForEncodings = 0;
			knownRegions = (
				en,
				Base,
			);
			mainGroup = CFF723CC24C9AAB600F3F6ED;
			productRefGroup = CFF723D624C9AAB600F3F6ED /* Products */;
			projectDirPath = "";
			projectRoot = "";
			targets = (
				CFF723D424C9AAB600F3F6ED /* KoshelekTask */,
			);
		};
/* End PBXProject section */

/* Begin PBXResourcesBuildPhase section */
		CFF723D324C9AAB600F3F6ED /* Resources */ = {
			isa = PBXResourcesBuildPhase;
			buildActionMask = 2147483647;
			files = (
				CFF723E524C9AAB800F3F6ED /* LaunchScreen.storyboard in Resources */,
				CFF723E224C9AAB800F3F6ED /* Assets.xcassets in Resources */,
			);
			runOnlyForDeploymentPostprocessing = 0;
		};
/* End PBXResourcesBuildPhase section */

/* Begin PBXSourcesBuildPhase section */
		CFF723D124C9AAB600F3F6ED /* Sources */ = {
			isa = PBXSourcesBuildPhase;
			buildActionMask = 2147483647;
			files = (
				CFF723F024C9AD3200F3F6ED /* CoreAssembly.swift in Sources */,
				CFF723FA24C9ADC100F3F6ED /* PresentationAssembly.swift in Sources */,
				CFF723F524C9AD6F00F3F6ED /* ServicesAssembly.swift in Sources */,
				CFF723D924C9AAB600F3F6ED /* AppDelegate.swift in Sources */,
				CFF723FC24C9ADE600F3F6ED /* RootAssembly.swift in Sources */,
			);
			runOnlyForDeploymentPostprocessing = 0;
		};
/* End PBXSourcesBuildPhase section */

/* Begin PBXVariantGroup section */
		CFF723E324C9AAB800F3F6ED /* LaunchScreen.storyboard */ = {
			isa = PBXVariantGroup;
			children = (
				CFF723E424C9AAB800F3F6ED /* Base */,
			);
			name = LaunchScreen.storyboard;
			sourceTree = "<group>";
		};
/* End PBXVariantGroup section */

/* Begin XCBuildConfiguration section */
		CFF723E724C9AAB800F3F6ED /* Debug */ = {
			isa = XCBuildConfiguration;
			buildSettings = {
				ALWAYS_SEARCH_USER_PATHS = NO;
				CLANG_ANALYZER_NONNULL = YES;
				CLANG_ANALYZER_NUMBER_OBJECT_CONVERSION = YES_AGGRESSIVE;
				CLANG_CXX_LANGUAGE_STANDARD = "gnu++14";
				CLANG_CXX_LIBRARY = "libc++";
				CLANG_ENABLE_MODULES = YES;
				CLANG_ENABLE_OBJC_ARC = YES;
				CLANG_ENABLE_OBJC_WEAK = YES;
				CLANG_WARN_BLOCK_CAPTURE_AUTORELEASING = YES;
				CLANG_WARN_BOOL_CONVERSION = YES;
				CLANG_WARN_COMMA = YES;
				CLANG_WARN_CONSTANT_CONVERSION = YES;
				CLANG_WARN_DEPRECATED_OBJC_IMPLEMENTATIONS = YES;
				CLANG_WARN_DIRECT_OBJC_ISA_USAGE = YES_ERROR;
				CLANG_WARN_DOCUMENTATION_COMMENTS = YES;
				CLANG_WARN_EMPTY_BODY = YES;
				CLANG_WARN_ENUM_CONVERSION = YES;
				CLANG_WARN_INFINITE_RECURSION = YES;
				CLANG_WARN_INT_CONVERSION = YES;
				CLANG_WARN_NON_LITERAL_NULL_CONVERSION = YES;
				CLANG_WARN_OBJC_IMPLICIT_RETAIN_SELF = YES;
				CLANG_WARN_OBJC_LITERAL_CONVERSION = YES;
				CLANG_WARN_OBJC_ROOT_CLASS = YES_ERROR;
				CLANG_WARN_RANGE_LOOP_ANALYSIS = YES;
				CLANG_WARN_STRICT_PROTOTYPES = YES;
				CLANG_WARN_SUSPICIOUS_MOVE = YES;
				CLANG_WARN_UNGUARDED_AVAILABILITY = YES_AGGRESSIVE;
				CLANG_WARN_UNREACHABLE_CODE = YES;
				CLANG_WARN__DUPLICATE_METHOD_MATCH = YES;
				COPY_PHASE_STRIP = NO;
				DEBUG_INFORMATION_FORMAT = dwarf;
				ENABLE_STRICT_OBJC_MSGSEND = YES;
				ENABLE_TESTABILITY = YES;
				GCC_C_LANGUAGE_STANDARD = gnu11;
				GCC_DYNAMIC_NO_PIC = NO;
				GCC_NO_COMMON_BLOCKS = YES;
				GCC_OPTIMIZATION_LEVEL = 0;
				GCC_PREPROCESSOR_DEFINITIONS = (
					"DEBUG=1",
					"$(inherited)",
				);
				GCC_WARN_64_TO_32_BIT_CONVERSION = YES;
				GCC_WARN_ABOUT_RETURN_TYPE = YES_ERROR;
				GCC_WARN_UNDECLARED_SELECTOR = YES;
				GCC_WARN_UNINITIALIZED_AUTOS = YES_AGGRESSIVE;
				GCC_WARN_UNUSED_FUNCTION = YES;
				GCC_WARN_UNUSED_VARIABLE = YES;
				IPHONEOS_DEPLOYMENT_TARGET = 13.6;
				MTL_ENABLE_DEBUG_INFO = INCLUDE_SOURCE;
				MTL_FAST_MATH = YES;
				ONLY_ACTIVE_ARCH = YES;
				SDKROOT = iphoneos;
				SWIFT_ACTIVE_COMPILATION_CONDITIONS = DEBUG;
				SWIFT_OPTIMIZATION_LEVEL = "-Onone";
			};
			name = Debug;
		};
		CFF723E824C9AAB800F3F6ED /* Release */ = {
			isa = XCBuildConfiguration;
			buildSettings = {
				ALWAYS_SEARCH_USER_PATHS = NO;
				CLANG_ANALYZER_NONNULL = YES;
				CLANG_ANALYZER_NUMBER_OBJECT_CONVERSION = YES_AGGRESSIVE;
				CLANG_CXX_LANGUAGE_STANDARD = "gnu++14";
				CLANG_CXX_LIBRARY = "libc++";
				CLANG_ENABLE_MODULES = YES;
				CLANG_ENABLE_OBJC_ARC = YES;
				CLANG_ENABLE_OBJC_WEAK = YES;
				CLANG_WARN_BLOCK_CAPTURE_AUTORELEASING = YES;
				CLANG_WARN_BOOL_CONVERSION = YES;
				CLANG_WARN_COMMA = YES;
				CLANG_WARN_CONSTANT_CONVERSION = YES;
				CLANG_WARN_DEPRECATED_OBJC_IMPLEMENTATIONS = YES;
				CLANG_WARN_DIRECT_OBJC_ISA_USAGE = YES_ERROR;
				CLANG_WARN_DOCUMENTATION_COMMENTS = YES;
				CLANG_WARN_EMPTY_BODY = YES;
				CLANG_WARN_ENUM_CONVERSION = YES;
				CLANG_WARN_INFINITE_RECURSION = YES;
				CLANG_WARN_INT_CONVERSION = YES;
				CLANG_WARN_NON_LITERAL_NULL_CONVERSION = YES;
				CLANG_WARN_OBJC_IMPLICIT_RETAIN_SELF = YES;
				CLANG_WARN_OBJC_LITERAL_CONVERSION = YES;
				CLANG_WARN_OBJC_ROOT_CLASS = YES_ERROR;
				CLANG_WARN_RANGE_LOOP_ANALYSIS = YES;
				CLANG_WARN_STRICT_PROTOTYPES = YES;
				CLANG_WARN_SUSPICIOUS_MOVE = YES;
				CLANG_WARN_UNGUARDED_AVAILABILITY = YES_AGGRESSIVE;
				CLANG_WARN_UNREACHABLE_CODE = YES;
				CLANG_WARN__DUPLICATE_METHOD_MATCH = YES;
				COPY_PHASE_STRIP = NO;
				DEBUG_INFORMATION_FORMAT = "dwarf-with-dsym";
				ENABLE_NS_ASSERTIONS = NO;
				ENABLE_STRICT_OBJC_MSGSEND = YES;
				GCC_C_LANGUAGE_STANDARD = gnu11;
				GCC_NO_COMMON_BLOCKS = YES;
				GCC_WARN_64_TO_32_BIT_CONVERSION = YES;
				GCC_WARN_ABOUT_RETURN_TYPE = YES_ERROR;
				GCC_WARN_UNDECLARED_SELECTOR = YES;
				GCC_WARN_UNINITIALIZED_AUTOS = YES_AGGRESSIVE;
				GCC_WARN_UNUSED_FUNCTION = YES;
				GCC_WARN_UNUSED_VARIABLE = YES;
				IPHONEOS_DEPLOYMENT_TARGET = 13.6;
				MTL_ENABLE_DEBUG_INFO = NO;
				MTL_FAST_MATH = YES;
				SDKROOT = iphoneos;
				SWIFT_COMPILATION_MODE = wholemodule;
				SWIFT_OPTIMIZATION_LEVEL = "-O";
				VALIDATE_PRODUCT = YES;
			};
			name = Release;
		};
		CFF723EA24C9AAB800F3F6ED /* Debug */ = {
			isa = XCBuildConfiguration;
			buildSettings = {
				ASSETCATALOG_COMPILER_APPICON_NAME = AppIcon;
				CODE_SIGN_STYLE = Manual;
				DEVELOPMENT_TEAM = "";
				INFOPLIST_FILE = KoshelekTask/Resources/Info.plist;
				IPHONEOS_DEPLOYMENT_TARGET = 11.0;
				LD_RUNPATH_SEARCH_PATHS = (
					"$(inherited)",
					"@executable_path/Frameworks",
				);
				PRODUCT_BUNDLE_IDENTIFIER = OGI.KoshelekTask;
				PRODUCT_NAME = "$(TARGET_NAME)";
				PROVISIONING_PROFILE_SPECIFIER = "";
				SWIFT_VERSION = 5.0;
				TARGETED_DEVICE_FAMILY = 1;
			};
			name = Debug;
		};
		CFF723EB24C9AAB800F3F6ED /* Release */ = {
			isa = XCBuildConfiguration;
			buildSettings = {
				ASSETCATALOG_COMPILER_APPICON_NAME = AppIcon;
				CODE_SIGN_STYLE = Manual;
				DEVELOPMENT_TEAM = "";
				INFOPLIST_FILE = KoshelekTask/Resources/Info.plist;
				IPHONEOS_DEPLOYMENT_TARGET = 11.0;
				LD_RUNPATH_SEARCH_PATHS = (
					"$(inherited)",
					"@executable_path/Frameworks",
				);
				PRODUCT_BUNDLE_IDENTIFIER = OGI.KoshelekTask;
				PRODUCT_NAME = "$(TARGET_NAME)";
				PROVISIONING_PROFILE_SPECIFIER = "";
				SWIFT_VERSION = 5.0;
				TARGETED_DEVICE_FAMILY = 1;
			};
			name = Release;
		};
/* End XCBuildConfiguration section */

/* Begin XCConfigurationList section */
		CFF723D024C9AAB600F3F6ED /* Build configuration list for PBXProject "KoshelekTask" */ = {
			isa = XCConfigurationList;
			buildConfigurations = (
				CFF723E724C9AAB800F3F6ED /* Debug */,
				CFF723E824C9AAB800F3F6ED /* Release */,
			);
			defaultConfigurationIsVisible = 0;
			defaultConfigurationName = Release;
		};
		CFF723E924C9AAB800F3F6ED /* Build configuration list for PBXNativeTarget "KoshelekTask" */ = {
			isa = XCConfigurationList;
			buildConfigurations = (
				CFF723EA24C9AAB800F3F6ED /* Debug */,
				CFF723EB24C9AAB800F3F6ED /* Release */,
			);
			defaultConfigurationIsVisible = 0;
			defaultConfigurationName = Release;
		};
/* End XCConfigurationList section */
	};
	rootObject = CFF723CD24C9AAB600F3F6ED /* Project object */;
}
